{
  "name": "electron-quick-start",
  "version": "1.0.0",
  "lockfileVersion": 1,
  "requires": true,
  "dependencies": {
    "@electron/get": {
      "version": "1.12.4",
      "resolved": "https://skype.pkgs.visualstudio.com/_packaging/tps/npm/registry/@electron/get/-/get-1.12.4.tgz",
      "integrity": "sha1-pZcRE/wb+PoSqHidwgFSpzWfBqs=",
      "dev": true,
      "requires": {
        "debug": "^4.1.1",
        "env-paths": "^2.2.0",
        "fs-extra": "^8.1.0",
        "global-agent": "^2.0.2",
        "global-tunnel-ng": "^2.7.1",
        "got": "^9.6.0",
        "progress": "^2.0.3",
        "semver": "^6.2.0",
        "sumchecker": "^3.0.1"
      }
    },
    "@sindresorhus/is": {
      "version": "0.14.0",
      "resolved": "https://skype.pkgs.visualstudio.com/_packaging/tps/npm/registry/@sindresorhus/is/-/is-0.14.0.tgz",
      "integrity": "sha1-n7OjzzEyMoFR81PeRjLgHlIQK+o=",
      "dev": true
    },
    "@szmarczak/http-timer": {
      "version": "1.1.2",
      "resolved": "https://skype.pkgs.visualstudio.com/_packaging/tps/npm/registry/@szmarczak/http-timer/-/http-timer-1.1.2.tgz",
      "integrity": "sha1-sWZeLEYaLNkvTBu/UNVFTeDUtCE=",
      "dev": true,
      "requires": {
        "defer-to-connect": "^1.0.1"
      }
    },
    "@types/node": {
      "version": "12.20.11",
      "resolved": "https://skype.pkgs.visualstudio.com/_packaging/tps/npm/registry/@types/node/-/node-12.20.11.tgz",
      "integrity": "sha1-mAgyzVbvr/+MGKoUjECF6wKkg/Q=",
      "dev": true
    },
    "boolean": {
      "version": "3.0.3",
      "resolved": "https://skype.pkgs.visualstudio.com/_packaging/tps/npm/registry/boolean/-/boolean-3.0.3.tgz",
      "integrity": "sha1-D+4MmBO2a+8lqKapBLtGc20F8CQ=",
      "dev": true,
      "optional": true
    },
    "buffer-crc32": {
      "version": "0.2.13",
      "resolved": "https://skype.pkgs.visualstudio.com/_packaging/tps/npm/registry/buffer-crc32/-/buffer-crc32-0.2.13.tgz",
      "integrity": "sha1-DTM+PwDqxQqhRUq9MO+MKl2ackI=",
      "dev": true
    },
    "buffer-from": {
      "version": "1.1.1",
      "resolved": "https://skype.pkgs.visualstudio.com/_packaging/tps/npm/registry/buffer-from/-/buffer-from-1.1.1.tgz",
      "integrity": "sha1-MnE7wCj3XAL9txDXx7zsHyxgcO8=",
      "dev": true
    },
    "cacheable-request": {
      "version": "6.1.0",
      "resolved": "https://skype.pkgs.visualstudio.com/_packaging/tps/npm/registry/cacheable-request/-/cacheable-request-6.1.0.tgz",
      "integrity": "sha1-IP+4vRYrpL4R6VZ9gj22UQUsqRI=",
      "dev": true,
      "requires": {
        "clone-response": "^1.0.2",
        "get-stream": "^5.1.0",
        "http-cache-semantics": "^4.0.0",
        "keyv": "^3.0.0",
        "lowercase-keys": "^2.0.0",
        "normalize-url": "^4.1.0",
        "responselike": "^1.0.2"
      },
      "dependencies": {
        "get-stream": {
          "version": "5.2.0",
          "resolved": "https://skype.pkgs.visualstudio.com/_packaging/tps/npm/registry/get-stream/-/get-stream-5.2.0.tgz",
          "integrity": "sha1-SWaheV7lrOZecGxLe+txJX1uItM=",
          "dev": true,
          "requires": {
            "pump": "^3.0.0"
          }
        },
        "lowercase-keys": {
          "version": "2.0.0",
          "resolved": "https://skype.pkgs.visualstudio.com/_packaging/tps/npm/registry/lowercase-keys/-/lowercase-keys-2.0.0.tgz",
          "integrity": "sha1-JgPni3tLAAbLyi+8yKMgJVislHk=",
          "dev": true
        }
      }
    },
    "clone-response": {
      "version": "1.0.2",
      "resolved": "https://skype.pkgs.visualstudio.com/_packaging/tps/npm/registry/clone-response/-/clone-response-1.0.2.tgz",
      "integrity": "sha1-0dyXOSAxTfZ/vrlCI7TuNQI56Ws=",
      "dev": true,
      "requires": {
        "mimic-response": "^1.0.0"
      }
    },
    "concat-stream": {
      "version": "1.6.2",
      "resolved": "https://skype.pkgs.visualstudio.com/_packaging/tps/npm/registry/concat-stream/-/concat-stream-1.6.2.tgz",
      "integrity": "sha1-kEvfGUzTEi/Gdcd/xKw9T/D9GjQ=",
      "dev": true,
      "requires": {
        "buffer-from": "^1.0.0",
        "inherits": "^2.0.3",
        "readable-stream": "^2.2.2",
        "typedarray": "^0.0.6"
      }
    },
    "config-chain": {
      "version": "1.1.12",
      "resolved": "https://skype.pkgs.visualstudio.com/_packaging/tps/npm/registry/config-chain/-/config-chain-1.1.12.tgz",
      "integrity": "sha1-xY8kZlizmgLSL8wlHrBA2bzmXdE=",
      "dev": true,
      "optional": true,
      "requires": {
        "ini": "^1.3.4",
        "proto-list": "~1.2.1"
      }
    },
    "core-js": {
      "version": "3.11.1",
      "resolved": "https://skype.pkgs.visualstudio.com/_packaging/tps/npm/registry/core-js/-/core-js-3.11.1.tgz",
      "integrity": "sha1-+SA5K/jtY6Dsjk5ymFe/o9EhxSU=",
      "dev": true,
      "optional": true
    },
    "core-util-is": {
      "version": "1.0.2",
      "resolved": "https://skype.pkgs.visualstudio.com/_packaging/tps/npm/registry/core-util-is/-/core-util-is-1.0.2.tgz",
      "integrity": "sha1-7yCbWdZAVsRqdTEUcmZZ4VD7gtI=",
      "dev": true
    },
    "debug": {
      "version": "4.3.1",
      "resolved": "https://skype.pkgs.visualstudio.com/_packaging/tps/npm/registry/debug/-/debug-4.3.1.tgz",
      "integrity": "sha1-8NIpxQXgxtjEmsVT0bE9wYP2su4=",
      "dev": true,
      "requires": {
        "ms": "2.1.2"
      }
    },
    "decompress-response": {
      "version": "3.3.0",
      "resolved": "https://skype.pkgs.visualstudio.com/_packaging/tps/npm/registry/decompress-response/-/decompress-response-3.3.0.tgz",
      "integrity": "sha1-gKTdMjdIOEv6JICDYirt7Jgq3/M=",
      "dev": true,
      "requires": {
        "mimic-response": "^1.0.0"
      }
    },
    "defer-to-connect": {
      "version": "1.1.3",
      "resolved": "https://skype.pkgs.visualstudio.com/_packaging/tps/npm/registry/defer-to-connect/-/defer-to-connect-1.1.3.tgz",
      "integrity": "sha1-MxrgUMCNz3ifjIOnuB8O2U9KxZE=",
      "dev": true
    },
    "define-properties": {
      "version": "1.1.3",
      "resolved": "https://skype.pkgs.visualstudio.com/_packaging/tps/npm/registry/define-properties/-/define-properties-1.1.3.tgz",
      "integrity": "sha1-pR70qhvYoP+AVg60xveNOQgXn/Y=",
      "dev": true,
      "optional": true,
      "requires": {
        "object-keys": "^1.0.12"
      }
    },
    "detect-node": {
      "version": "2.0.4",
      "resolved": "https://skype.pkgs.visualstudio.com/_packaging/tps/npm/registry/detect-node/-/detect-node-2.0.4.tgz",
      "integrity": "sha1-EMc99Q/6jnXk0fiD/Z1hELE1Zo8=",
      "dev": true,
      "optional": true
    },
    "duplexer3": {
      "version": "0.1.4",
      "resolved": "https://skype.pkgs.visualstudio.com/_packaging/tps/npm/registry/duplexer3/-/duplexer3-0.1.4.tgz",
      "integrity": "sha1-7gHdHKwO08vH/b6jfcCo8c4ALOI=",
      "dev": true
    },
    "electron": {
      "version": "11.4.4",
      "resolved": "https://skype.pkgs.visualstudio.com/_packaging/tps/npm/registry/electron/-/electron-11.4.4.tgz",
      "integrity": "sha1-1sBG3t2eIt9fZAiEHD+K4aHVlBQ=",
      "dev": true,
      "requires": {
        "@electron/get": "^1.0.1",
        "@types/node": "^12.0.12",
        "extract-zip": "^1.0.3"
      }
    },
    "encodeurl": {
      "version": "1.0.2",
      "resolved": "https://skype.pkgs.visualstudio.com/_packaging/tps/npm/registry/encodeurl/-/encodeurl-1.0.2.tgz",
      "integrity": "sha1-rT/0yG7C0CkyL1oCw6mmBslbP1k=",
      "dev": true,
      "optional": true
    },
    "end-of-stream": {
      "version": "1.4.4",
      "resolved": "https://skype.pkgs.visualstudio.com/_packaging/tps/npm/registry/end-of-stream/-/end-of-stream-1.4.4.tgz",
      "integrity": "sha1-hsBhEA0mQcZLFTlRW8qm6a4AQFU=",
      "dev": true,
      "requires": {
        "once": "^1.4.0"
      }
    },
    "env-paths": {
      "version": "2.2.1",
      "resolved": "https://skype.pkgs.visualstudio.com/_packaging/tps/npm/registry/env-paths/-/env-paths-2.2.1.tgz",
      "integrity": "sha1-QgOZ1BbOH76bwKB8Yvpo1n/Q+PI=",
      "dev": true
    },
    "es6-error": {
      "version": "4.1.1",
      "resolved": "https://skype.pkgs.visualstudio.com/_packaging/tps/npm/registry/es6-error/-/es6-error-4.1.1.tgz",
      "integrity": "sha1-njr0B0Wd7tR+mpH5uIWoTrBcVh0=",
      "dev": true,
      "optional": true
    },
    "escape-string-regexp": {
      "version": "4.0.0",
      "resolved": "https://skype.pkgs.visualstudio.com/_packaging/tps/npm/registry/escape-string-regexp/-/escape-string-regexp-4.0.0.tgz",
      "integrity": "sha1-FLqDpdNz49MR5a/KKc9b+tllvzQ=",
      "dev": true,
      "optional": true
    },
    "extract-zip": {
      "version": "1.7.0",
      "resolved": "https://skype.pkgs.visualstudio.com/_packaging/tps/npm/registry/extract-zip/-/extract-zip-1.7.0.tgz",
      "integrity": "sha1-VWzDrp339FLEk6DPtRzDAneUCSc=",
      "dev": true,
      "requires": {
        "concat-stream": "^1.6.2",
        "debug": "^2.6.9",
        "mkdirp": "^0.5.4",
        "yauzl": "^2.10.0"
      },
      "dependencies": {
        "debug": {
          "version": "2.6.9",
          "resolved": "https://skype.pkgs.visualstudio.com/_packaging/tps/npm/registry/debug/-/debug-2.6.9.tgz",
          "integrity": "sha1-XRKFFd8TT/Mn6QpMk/Tgd6U2NB8=",
          "dev": true,
          "requires": {
            "ms": "2.0.0"
          }
        },
        "ms": {
          "version": "2.0.0",
          "resolved": "https://skype.pkgs.visualstudio.com/_packaging/tps/npm/registry/ms/-/ms-2.0.0.tgz",
          "integrity": "sha1-VgiurfwAvmwpAd9fmGF4jeDVl8g=",
          "dev": true
        }
      }
    },
    "fd-slicer": {
      "version": "1.1.0",
      "resolved": "https://skype.pkgs.visualstudio.com/_packaging/tps/npm/registry/fd-slicer/-/fd-slicer-1.1.0.tgz",
      "integrity": "sha1-JcfInLH5B3+IkbvmHY85Dq4lbx4=",
      "dev": true,
      "requires": {
        "pend": "~1.2.0"
      }
    },
    "fs-extra": {
      "version": "8.1.0",
      "resolved": "https://skype.pkgs.visualstudio.com/_packaging/tps/npm/registry/fs-extra/-/fs-extra-8.1.0.tgz",
      "integrity": "sha1-NdknH9qF9Q77OLuMANUjmNCQ65Y=",
      "dev": true,
      "requires": {
        "graceful-fs": "^4.2.0",
        "jsonfile": "^4.0.0",
        "universalify": "^0.1.0"
      }
    },
    "get-stream": {
      "version": "4.1.0",
      "resolved": "https://skype.pkgs.visualstudio.com/_packaging/tps/npm/registry/get-stream/-/get-stream-4.1.0.tgz",
      "integrity": "sha1-/+aJYmClBVUGMDCWj2Py6yB2ACw=",
      "dev": true,
      "requires": {
        "pump": "^3.0.0"
      }
    },
    "global-agent": {
      "version": "2.2.0",
      "resolved": "https://skype.pkgs.visualstudio.com/_packaging/tps/npm/registry/global-agent/-/global-agent-2.2.0.tgz",
      "integrity": "sha1-VmMxsGRua/eUKaFod2hcSh+/dtw=",
      "dev": true,
      "optional": true,
      "requires": {
        "boolean": "^3.0.1",
        "core-js": "^3.6.5",
        "es6-error": "^4.1.1",
        "matcher": "^3.0.0",
        "roarr": "^2.15.3",
        "semver": "^7.3.2",
        "serialize-error": "^7.0.1"
      },
      "dependencies": {
        "semver": {
          "version": "7.3.5",
          "resolved": "https://skype.pkgs.visualstudio.com/_packaging/tps/npm/registry/semver/-/semver-7.3.5.tgz",
          "integrity": "sha1-C2Ich5NI2JmOSw5L6Us/EuYBjvc=",
          "dev": true,
          "optional": true,
          "requires": {
            "lru-cache": "^6.0.0"
          }
        }
      }
    },
    "global-tunnel-ng": {
      "version": "2.7.1",
      "resolved": "https://skype.pkgs.visualstudio.com/_packaging/tps/npm/registry/global-tunnel-ng/-/global-tunnel-ng-2.7.1.tgz",
      "integrity": "sha1-/t/wTiJfI3NcuAwFe2ALl6iFRx8=",
      "dev": true,
      "optional": true,
      "requires": {
        "encodeurl": "^1.0.2",
        "lodash": "^4.17.10",
        "npm-conf": "^1.1.3",
        "tunnel": "^0.0.6"
      }
    },
    "globalthis": {
      "version": "1.0.2",
      "resolved": "https://skype.pkgs.visualstudio.com/_packaging/tps/npm/registry/globalthis/-/globalthis-1.0.2.tgz",
      "integrity": "sha1-KiNdNPTYA2IZ9+NJKbXenhgWa4s=",
      "dev": true,
      "optional": true,
      "requires": {
        "define-properties": "^1.1.3"
      }
    },
    "got": {
      "version": "9.6.0",
      "resolved": "https://skype.pkgs.visualstudio.com/_packaging/tps/npm/registry/got/-/got-9.6.0.tgz",
      "integrity": "sha1-7fRefWf5lUVwXeH3u+7rEhdl7YU=",
      "dev": true,
      "requires": {
        "@sindresorhus/is": "^0.14.0",
        "@szmarczak/http-timer": "^1.1.2",
        "cacheable-request": "^6.0.0",
        "decompress-response": "^3.3.0",
        "duplexer3": "^0.1.4",
        "get-stream": "^4.1.0",
        "lowercase-keys": "^1.0.1",
        "mimic-response": "^1.0.1",
        "p-cancelable": "^1.0.0",
        "to-readable-stream": "^1.0.0",
        "url-parse-lax": "^3.0.0"
      }
    },
    "graceful-fs": {
      "version": "4.2.6",
      "resolved": "https://skype.pkgs.visualstudio.com/_packaging/tps/npm/registry/graceful-fs/-/graceful-fs-4.2.6.tgz",
      "integrity": "sha1-/wQLKwhTsjw9MQJ1I3BvGIXXa+4=",
      "dev": true
    },
    "http-cache-semantics": {
      "version": "4.1.0",
      "resolved": "https://skype.pkgs.visualstudio.com/_packaging/tps/npm/registry/http-cache-semantics/-/http-cache-semantics-4.1.0.tgz",
      "integrity": "sha1-SekcXL82yblLz81xwj1SSex045A=",
      "dev": true
    },
    "inherits": {
      "version": "2.0.4",
      "resolved": "https://skype.pkgs.visualstudio.com/_packaging/tps/npm/registry/inherits/-/inherits-2.0.4.tgz",
      "integrity": "sha1-yDeF39bfcSYu1dppZuSDjTWDqnA=",
      "dev": true
    },
    "ini": {
      "version": "1.3.8",
      "resolved": "https://skype.pkgs.visualstudio.com/_packaging/tps/npm/registry/ini/-/ini-1.3.8.tgz",
      "integrity": "sha1-op2kJbSIBvNHZ6Tvzjlyaa8oQyw=",
      "dev": true,
      "optional": true
    },
    "isarray": {
      "version": "1.0.0",
      "resolved": "https://skype.pkgs.visualstudio.com/_packaging/tps/npm/registry/isarray/-/isarray-1.0.0.tgz",
      "integrity": "sha1-scTAWoZ556EtCQ/w+3HegtDN1VI=",
      "dev": true
    },
    "json-buffer": {
      "version": "3.0.0",
      "resolved": "https://skype.pkgs.visualstudio.com/_packaging/tps/npm/registry/json-buffer/-/json-buffer-3.0.0.tgz",
      "integrity": "sha1-Wx85evx11ne96Lz8Dkfh+aPZqJg=",
      "dev": true
    },
    "json-stringify-safe": {
      "version": "5.0.1",
      "resolved": "https://skype.pkgs.visualstudio.com/_packaging/tps/npm/registry/json-stringify-safe/-/json-stringify-safe-5.0.1.tgz",
      "integrity": "sha1-IoICKNOI0BBwjaIWDekPEzUUWs0=",
      "dev": true,
      "optional": true
    },
    "jsonfile": {
      "version": "4.0.0",
      "resolved": "https://skype.pkgs.visualstudio.com/_packaging/tps/npm/registry/jsonfile/-/jsonfile-4.0.0.tgz",
      "integrity": "sha1-h3Gq4HmbZAdrdmQPygWPnBDjPss=",
      "dev": true,
      "requires": {
        "graceful-fs": "^4.1.6"
      }
    },
    "keyv": {
      "version": "3.1.0",
      "resolved": "https://skype.pkgs.visualstudio.com/_packaging/tps/npm/registry/keyv/-/keyv-3.1.0.tgz",
      "integrity": "sha1-7MIoSG9pmR5J6UdkhaW+Ho/FxNk=",
      "dev": true,
      "requires": {
        "json-buffer": "3.0.0"
      }
    },
    "lodash": {
      "version": "4.17.21",
      "resolved": "https://skype.pkgs.visualstudio.com/_packaging/tps/npm/registry/lodash/-/lodash-4.17.21.tgz",
      "integrity": "sha1-Z5WRxWTDv/quhFTPCz3zcMPWkRw=",
      "dev": true,
      "optional": true
    },
    "lowercase-keys": {
      "version": "1.0.1",
      "resolved": "https://skype.pkgs.visualstudio.com/_packaging/tps/npm/registry/lowercase-keys/-/lowercase-keys-1.0.1.tgz",
      "integrity": "sha1-b54wtHCE2XGnyCD/FabFFnt0wm8=",
      "dev": true
    },
    "lru-cache": {
      "version": "6.0.0",
      "resolved": "https://skype.pkgs.visualstudio.com/_packaging/tps/npm/registry/lru-cache/-/lru-cache-6.0.0.tgz",
      "integrity": "sha1-bW/mVw69lqr5D8rR2vo7JWbbOpQ=",
      "dev": true,
      "optional": true,
      "requires": {
        "yallist": "^4.0.0"
      }
    },
    "matcher": {
      "version": "3.0.0",
      "resolved": "https://skype.pkgs.visualstudio.com/_packaging/tps/npm/registry/matcher/-/matcher-3.0.0.tgz",
      "integrity": "sha1-vZBg9MW3CqgEHMxvgDaHYJlPMMo=",
      "dev": true,
      "optional": true,
      "requires": {
        "escape-string-regexp": "^4.0.0"
      }
    },
    "mimic-response": {
      "version": "1.0.1",
      "resolved": "https://skype.pkgs.visualstudio.com/_packaging/tps/npm/registry/mimic-response/-/mimic-response-1.0.1.tgz",
      "integrity": "sha1-JHa2XV+MqgA4meX0oFxtrud5JLE=",
      "dev": true
    },
    "minimist": {
      "version": "1.2.5",
      "resolved": "https://skype.pkgs.visualstudio.com/_packaging/tps/npm/registry/minimist/-/minimist-1.2.5.tgz",
      "integrity": "sha1-Z9ZgFLZqaoqqDAg8X9WN9OTpdgI=",
      "dev": true
    },
    "mkdirp": {
      "version": "0.5.5",
      "resolved": "https://skype.pkgs.visualstudio.com/_packaging/tps/npm/registry/mkdirp/-/mkdirp-0.5.5.tgz",
      "integrity": "sha1-2Rzv1i0UNsoPQWIOJRKI1CAJne8=",
      "dev": true,
      "requires": {
        "minimist": "^1.2.5"
      }
    },
    "ms": {
      "version": "2.1.2",
      "resolved": "https://skype.pkgs.visualstudio.com/_packaging/tps/npm/registry/ms/-/ms-2.1.2.tgz",
      "integrity": "sha1-5jpNpcr8BvGT3SRdnTaIY+Dp2/I=",
      "dev": true
    },
    "normalize-url": {
      "version": "4.5.0",
      "resolved": "https://skype.pkgs.visualstudio.com/_packaging/tps/npm/registry/normalize-url/-/normalize-url-4.5.0.tgz",
      "integrity": "sha1-RTNUCH5sqWlXvY9br3U/WYIUISk=",
      "dev": true
    },
    "npm-conf": {
      "version": "1.1.3",
      "resolved": "https://skype.pkgs.visualstudio.com/_packaging/tps/npm/registry/npm-conf/-/npm-conf-1.1.3.tgz",
      "integrity": "sha1-xVhMbX5l/kbflaiHBjVrya1qvdw=",
      "dev": true,
      "optional": true,
      "requires": {
        "config-chain": "^1.1.11",
        "pify": "^3.0.0"
      }
    },
    "object-keys": {
      "version": "1.1.1",
      "resolved": "https://skype.pkgs.visualstudio.com/_packaging/tps/npm/registry/object-keys/-/object-keys-1.1.1.tgz",
      "integrity": "sha1-CVehxNOyarJBo80na45PW7mtaiE=",
      "dev": true,
      "optional": true
    },
    "once": {
      "version": "1.4.0",
      "resolved": "https://skype.pkgs.visualstudio.com/_packaging/tps/npm/registry/once/-/once-1.4.0.tgz",
      "integrity": "sha1-WDsap3WWHUsROsF9nFC6753Xa9E=",
      "dev": true,
      "requires": {
        "wrappy": "1"
      }
    },
    "p-cancelable": {
      "version": "1.1.0",
      "resolved": "https://skype.pkgs.visualstudio.com/_packaging/tps/npm/registry/p-cancelable/-/p-cancelable-1.1.0.tgz",
      "integrity": "sha1-0HjRWjr0CSIMiG8dmgyi5EGrJsw=",
      "dev": true
    },
    "pend": {
      "version": "1.2.0",
      "resolved": "https://skype.pkgs.visualstudio.com/_packaging/tps/npm/registry/pend/-/pend-1.2.0.tgz",
      "integrity": "sha1-elfrVQpng/kRUzH89GY9XI4AelA=",
      "dev": true
    },
    "pify": {
      "version": "3.0.0",
      "resolved": "https://skype.pkgs.visualstudio.com/_packaging/tps/npm/registry/pify/-/pify-3.0.0.tgz",
      "integrity": "sha1-5aSs0sEB/fPZpNB/DbxNtJ3SgXY=",
      "dev": true,
      "optional": true
    },
    "prepend-http": {
      "version": "2.0.0",
      "resolved": "https://skype.pkgs.visualstudio.com/_packaging/tps/npm/registry/prepend-http/-/prepend-http-2.0.0.tgz",
      "integrity": "sha1-6SQ0v6XqjBn0HN/UAddBo8gZ2Jc=",
      "dev": true
    },
    "process-nextick-args": {
      "version": "2.0.1",
      "resolved": "https://skype.pkgs.visualstudio.com/_packaging/tps/npm/registry/process-nextick-args/-/process-nextick-args-2.0.1.tgz",
      "integrity": "sha1-QzJ+aib+LwVmHn3GP4nHxt+nHVw=",
      "dev": true
    },
    "progress": {
      "version": "2.0.3",
      "resolved": "https://skype.pkgs.visualstudio.com/_packaging/tps/npm/registry/progress/-/progress-2.0.3.tgz",
      "integrity": "sha1-Otudzd2XX+zTEkZ+ceJACralTaY=",
      "dev": true
    },
    "proto-list": {
      "version": "1.2.4",
      "resolved": "https://skype.pkgs.visualstudio.com/_packaging/tps/npm/registry/proto-list/-/proto-list-1.2.4.tgz",
      "integrity": "sha1-IS1b/hMYMGpCD2QCuOJv85ZHqEk=",
      "dev": true,
      "optional": true
    },
    "pump": {
      "version": "3.0.0",
      "resolved": "https://skype.pkgs.visualstudio.com/_packaging/tps/npm/registry/pump/-/pump-3.0.0.tgz",
      "integrity": "sha1-tKIRaBW94vTh6mAjVOjHVWUQemQ=",
      "dev": true,
      "requires": {
        "end-of-stream": "^1.1.0",
        "once": "^1.3.1"
      }
    },
    "readable-stream": {
      "version": "2.3.7",
      "resolved": "https://skype.pkgs.visualstudio.com/_packaging/tps/npm/registry/readable-stream/-/readable-stream-2.3.7.tgz",
      "integrity": "sha1-Hsoc9xGu+BTAT2IlKjamL2yyO1c=",
      "dev": true,
      "requires": {
        "core-util-is": "~1.0.0",
        "inherits": "~2.0.3",
        "isarray": "~1.0.0",
        "process-nextick-args": "~2.0.0",
        "safe-buffer": "~5.1.1",
        "string_decoder": "~1.1.1",
        "util-deprecate": "~1.0.1"
      }
    },
    "responselike": {
      "version": "1.0.2",
      "resolved": "https://skype.pkgs.visualstudio.com/_packaging/tps/npm/registry/responselike/-/responselike-1.0.2.tgz",
      "integrity": "sha1-kYcg7ztjHFZCvgaPFa3lpG9Loec=",
      "dev": true,
      "requires": {
        "lowercase-keys": "^1.0.0"
      }
    },
    "roarr": {
      "version": "2.15.4",
      "resolved": "https://skype.pkgs.visualstudio.com/_packaging/tps/npm/registry/roarr/-/roarr-2.15.4.tgz",
      "integrity": "sha1-9f55W3uDjM/jXcYI4Cgrnrouev0=",
      "dev": true,
      "optional": true,
      "requires": {
        "boolean": "^3.0.1",
        "detect-node": "^2.0.4",
        "globalthis": "^1.0.1",
        "json-stringify-safe": "^5.0.1",
        "semver-compare": "^1.0.0",
        "sprintf-js": "^1.1.2"
      }
    },
    "safe-buffer": {
      "version": "5.1.2",
      "resolved": "https://skype.pkgs.visualstudio.com/_packaging/tps/npm/registry/safe-buffer/-/safe-buffer-5.1.2.tgz",
      "integrity": "sha1-mR7GnSluAxN0fVm9/St0XDX4go0=",
      "dev": true
    },
    "semver": {
      "version": "6.3.0",
      "resolved": "https://skype.pkgs.visualstudio.com/_packaging/tps/npm/registry/semver/-/semver-6.3.0.tgz",
      "integrity": "sha1-EEeZofhPTH7SWBR/hk+fhZ4Bu/A=",
      "dev": true
    },
    "semver-compare": {
      "version": "1.0.0",
      "resolved": "https://skype.pkgs.visualstudio.com/_packaging/tps/npm/registry/semver-compare/-/semver-compare-1.0.0.tgz",
      "integrity": "sha1-De4hahyUGrN+nvsXiPavxf9VN/w=",
      "dev": true,
      "optional": true
    },
    "serialize-error": {
      "version": "7.0.1",
      "resolved": "https://skype.pkgs.visualstudio.com/_packaging/tps/npm/registry/serialize-error/-/serialize-error-7.0.1.tgz",
      "integrity": "sha1-8TYLBEf2H/tIPsQVfHN/q313jhg=",
      "dev": true,
      "optional": true,
      "requires": {
        "type-fest": "^0.13.1"
      }
    },
    "sprintf-js": {
      "version": "1.1.2",
      "resolved": "https://skype.pkgs.visualstudio.com/_packaging/tps/npm/registry/sprintf-js/-/sprintf-js-1.1.2.tgz",
      "integrity": "sha1-E0oNM2rSL8cvPRalfMCPo9qTSho=",
      "dev": true,
      "optional": true
    },
    "string_decoder": {
      "version": "1.1.1",
      "resolved": "https://skype.pkgs.visualstudio.com/_packaging/tps/npm/registry/string_decoder/-/string_decoder-1.1.1.tgz",
      "integrity": "sha1-nPFhG6YmhdcDCunkujQUnDrwP8g=",
      "dev": true,
      "requires": {
        "safe-buffer": "~5.1.0"
      }
    },
    "sumchecker": {
      "version": "3.0.1",
      "resolved": "https://skype.pkgs.visualstudio.com/_packaging/tps/npm/registry/sumchecker/-/sumchecker-3.0.1.tgz",
      "integrity": "sha1-Y3fplnlauwttNI6bPh37JDRajkI=",
      "dev": true,
      "requires": {
        "debug": "^4.1.0"
      }
    },
    "to-readable-stream": {
      "version": "1.0.0",
      "resolved": "https://skype.pkgs.visualstudio.com/_packaging/tps/npm/registry/to-readable-stream/-/to-readable-stream-1.0.0.tgz",
      "integrity": "sha1-zgqgwvPfat+FLvtASng+d8BHV3E=",
      "dev": true
    },
    "tunnel": {
      "version": "0.0.6",
      "resolved": "https://skype.pkgs.visualstudio.com/_packaging/tps/npm/registry/tunnel/-/tunnel-0.0.6.tgz",
      "integrity": "sha1-DYWCALBtZX1Ls0ibgPCe4fmnvlM=",
      "dev": true,
      "optional": true
    },
    "type-fest": {
      "version": "0.13.1",
      "resolved": "https://skype.pkgs.visualstudio.com/_packaging/tps/npm/registry/type-fest/-/type-fest-0.13.1.tgz",
      "integrity": "sha1-AXLLW86AsL1ULqNI21DH4hg02TQ=",
      "dev": true,
      "optional": true
    },
    "typedarray": {
      "version": "0.0.6",
      "resolved": "https://skype.pkgs.visualstudio.com/_packaging/tps/npm/registry/typedarray/-/typedarray-0.0.6.tgz",
      "integrity": "sha1-PVUj7n/zT6Sp8Y7o8QTh9gpiGRc=",
      "dev": true
    },
    "universalify": {
      "version": "0.1.2",
      "resolved": "https://skype.pkgs.visualstudio.com/_packaging/tps/npm/registry/universalify/-/universalify-0.1.2.tgz",
      "integrity": "sha1-tkb2m+OULavOzJ1mOcgNwQXvqmY=",
      "dev": true
    },
    "url-parse-lax": {
      "version": "3.0.0",
      "resolved": "https://skype.pkgs.visualstudio.com/_packaging/tps/npm/registry/url-parse-lax/-/url-parse-lax-3.0.0.tgz",
      "integrity": "sha1-FrXK/Afb42dsGxmZF3gj1lA6yww=",
      "dev": true,
      "requires": {
        "prepend-http": "^2.0.0"
      }
    },
    "util-deprecate": {
      "version": "1.0.2",
      "resolved": "https://skype.pkgs.visualstudio.com/_packaging/tps/npm/registry/util-deprecate/-/util-deprecate-1.0.2.tgz",
      "integrity": "sha1-d29z0p6kQgSP7NMnc+QvCa7zWUw=",
      "dev": true
    },
    "wrappy": {
      "version": "1.0.2",
      "resolved": "https://skype.pkgs.visualstudio.com/_packaging/tps/npm/registry/wrappy/-/wrappy-1.0.2.tgz",
      "integrity": "sha1-tSQ9jz7BqjXxNkYFvA0QNuMKtp8=",
      "dev": true
    },
    "yallist": {
      "version": "4.0.0",
      "resolved": "https://skype.pkgs.visualstudio.com/_packaging/tps/npm/registry/yallist/-/yallist-4.0.0.tgz",
      "integrity": "sha1-m7knkNnA7/7GO+c1GeEaNQGaOnI=",
      "dev": true,
      "optional": true
    },
    "yauzl": {
      "version": "2.10.0",
      "resolved": "https://skype.pkgs.visualstudio.com/_packaging/tps/npm/registry/yauzl/-/yauzl-2.10.0.tgz",
      "integrity": "sha1-x+sXyT4RLLEIb6bY5R+wZnt5pfk=",
      "dev": true,
      "requires": {
        "buffer-crc32": "~0.2.3",
        "fd-slicer": "~1.1.0"
      }
    }
  }
}
